# THIS IS AN AUTOGENERATED FILE. DO NOT EDIT THIS FILE DIRECTLY.
# yarn lockfile v1


nodemailer@^6.7.0:
  version "6.7.0"
  resolved "https://registry.yarnpkg.com/nodemailer/-/nodemailer-6.7.0.tgz#86614722c4e0c33d1b5b02aecb90d6d629932b0d"
  integrity sha512-AtiTVUFHLiiDnMQ43zi0YgkzHOEWUkhDgPlBXrsDzJiJvB29Alo4OKxHQ0ugF3gRqRQIneCLtZU3yiUo7pItZw==
